
Microsoft Visual Studio Solution File, Format Version 12.00
# Visual Studio Version 17
VisualStudioVersion = 17.0.31903.59
MinimumVisualStudioVersion = 10.0.40219.1
Project("{2150E333-8FDC-42A3-9474-1A3956D46DE8}") = "src", "src", "{FC813E9E-6730-4E87-B088-E5466321E66C}"
EndProject
Project("{FAE04EC0-301F-11D3-BF4B-00C04F79EFBC}") = "RxStorageMigrator", "src\RxStorageMigrator\RxStorageMigrator.csproj", "{81A4AC31-EE96-451D-B234-DCB6A022A760}"
EndProject
Project("{9A19103F-16F7-4668-BE54-9A1E7A4F7556}") = "_build", "build\_build.csproj", "{8A271826-0EB5-40F7-AC81-6F3A6D1CEB28}"
EndProject
Project("{2150E333-8FDC-42A3-9474-1A3956D46DE8}") = "tests", "tests", "{0AB3BF05-4346-4AA6-1389-037BE0695223}"
EndProject
Project("{FAE04EC0-301F-11D3-BF4B-00C04F79EFBC}") = "RxStorageMigrator.UnitTests", "tests\RxStorageMigrator.UnitTests\RxStorageMigrator.UnitTests.csproj", "{01B16A25-C28E-4C65-A5AF-399E3126D6B3}"
EndProject
Global
	GlobalSection(SolutionConfigurationPlatforms) = preSolution
		Debug|Any CPU = Debug|Any CPU
		Debug|x64 = Debug|x64
		Debug|x86 = Debug|x86
		Release|Any CPU = Release|Any CPU
		Release|x64 = Release|x64
		Release|x86 = Release|x86
	EndGlobalSection
	GlobalSection(ProjectConfigurationPlatforms) = postSolution
		{81A4AC31-EE96-451D-B234-DCB6A022A760}.Debug|Any CPU.ActiveCfg = Debug|Any CPU
		{81A4AC31-EE96-451D-B234-DCB6A022A760}.Debug|Any CPU.Build.0 = Debug|Any CPU
		{81A4AC31-EE96-451D-B234-DCB6A022A760}.Debug|x64.ActiveCfg = Debug|Any CPU
		{81A4AC31-EE96-451D-B234-DCB6A022A760}.Debug|x64.Build.0 = Debug|Any CPU
		{81A4AC31-EE96-451D-B234-DCB6A022A760}.Debug|x86.ActiveCfg = Debug|Any CPU
		{81A4AC31-EE96-451D-B234-DCB6A022A760}.Debug|x86.Build.0 = Debug|Any CPU
		{81A4AC31-EE96-451D-B234-DCB6A022A760}.Release|Any CPU.ActiveCfg = Release|Any CPU
		{81A4AC31-EE96-451D-B234-DCB6A022A760}.Release|Any CPU.Build.0 = Release|Any CPU
		{81A4AC31-EE96-451D-B234-DCB6A022A760}.Release|x64.ActiveCfg = Release|Any CPU
		{81A4AC31-EE96-451D-B234-DCB6A022A760}.Release|x64.Build.0 = Release|Any CPU
		{81A4AC31-EE96-451D-B234-DCB6A022A760}.Release|x86.ActiveCfg = Release|Any CPU
		{81A4AC31-EE96-451D-B234-DCB6A022A760}.Release|x86.Build.0 = Release|Any CPU
		{8A271826-0EB5-40F7-AC81-6F3A6D1CEB28}.Debug|Any CPU.ActiveCfg = Debug|Any CPU
		{8A271826-0EB5-40F7-AC81-6F3A6D1CEB28}.Debug|x64.ActiveCfg = Debug|Any CPU
		{8A271826-0EB5-40F7-AC81-6F3A6D1CEB28}.Debug|x64.Build.0 = Debug|Any CPU
		{8A271826-0EB5-40F7-AC81-6F3A6D1CEB28}.Debug|x86.ActiveCfg = Debug|Any CPU
		{8A271826-0EB5-40F7-AC81-6F3A6D1CEB28}.Debug|x86.Build.0 = Debug|Any CPU
		{8A271826-0EB5-40F7-AC81-6F3A6D1CEB28}.Release|Any CPU.ActiveCfg = Release|Any CPU
		{8A271826-0EB5-40F7-AC81-6F3A6D1CEB28}.Release|x64.ActiveCfg = Release|Any CPU
		{8A271826-0EB5-40F7-AC81-6F3A6D1CEB28}.Release|x64.Build.0 = Release|Any CPU
		{8A271826-0EB5-40F7-AC81-6F3A6D1CEB28}.Release|x86.ActiveCfg = Release|Any CPU
		{8A271826-0EB5-40F7-AC81-6F3A6D1CEB28}.Release|x86.Build.0 = Release|Any CPU
		{01B16A25-C28E-4C65-A5AF-399E3126D6B3}.Debug|Any CPU.ActiveCfg = Debug|Any CPU
		{01B16A25-C28E-4C65-A5AF-399E3126D6B3}.Debug|Any CPU.Build.0 = Debug|Any CPU
		{01B16A25-C28E-4C65-A5AF-399E3126D6B3}.Debug|x64.ActiveCfg = Debug|Any CPU
		{01B16A25-C28E-4C65-A5AF-399E3126D6B3}.Debug|x64.Build.0 = Debug|Any CPU
		{01B16A25-C28E-4C65-A5AF-399E3126D6B3}.Debug|x86.ActiveCfg = Debug|Any CPU
		{01B16A25-C28E-4C65-A5AF-399E3126D6B3}.Debug|x86.Build.0 = Debug|Any CPU
		{01B16A25-C28E-4C65-A5AF-399E3126D6B3}.Release|Any CPU.ActiveCfg = Release|Any CPU
		{01B16A25-C28E-4C65-A5AF-399E3126D6B3}.Release|Any CPU.Build.0 = Release|Any CPU
		{01B16A25-C28E-4C65-A5AF-399E3126D6B3}.Release|x64.ActiveCfg = Release|Any CPU
		{01B16A25-C28E-4C65-A5AF-399E3126D6B3}.Release|x64.Build.0 = Release|Any CPU
		{01B16A25-C28E-4C65-A5AF-399E3126D6B3}.Release|x86.ActiveCfg = Release|Any CPU
		{01B16A25-C28E-4C65-A5AF-399E3126D6B3}.Release|x86.Build.0 = Release|Any CPU
	EndGlobalSection
	GlobalSection(SolutionProperties) = preSolution
		HideSolutionNode = FALSE
	EndGlobalSection
	GlobalSection(NestedProjects) = preSolution
		{81A4AC31-EE96-451D-B234-DCB6A022A760} = {FC813E9E-6730-4E87-B088-E5466321E66C}
		{01B16A25-C28E-4C65-A5AF-399E3126D6B3} = {0AB3BF05-4346-4AA6-1389-037BE0695223}
	EndGlobalSection
EndGlobal
